
Microsoft Visual Studio Solution File, Format Version 12.00
# Visual Studio 15
VisualStudioVersion = 15.0.27130.2036
MinimumVisualStudioVersion = 10.0.40219.1
Project("{FAE04EC0-301F-11D3-BF4B-00C04F79EFBC}") = "Frends.Community.AWS.SQS.Tests", "Frends.Community.AWS.SQS.Tests\Frends.Community.AWS.SQS.Tests.csproj", "{56768113-F0F5-4F4B-BD62-A37EC863FDAE}"
EndProject
Project("{2150E333-8FDC-42A3-9474-1A3956D46DE8}") = "Solution items", "Solution items", "{B8D1CCE0-861D-4293-9104-60D56ED2907F}"
	ProjectSection(SolutionItems) = preProject
		.gitignore = .gitignore
		Frends.Community.AWS.SQS\FrendsTaskMetadata.json = Frends.Community.AWS.SQS\FrendsTaskMetadata.json
		LICENSE = LICENSE
		README.md = README.md
	EndProjectSection
EndProject
Project("{FAE04EC0-301F-11D3-BF4B-00C04F79EFBC}") = "Frends.Community.AWS.SQS", "Frends.Community.AWS.SQS\Frends.Community.AWS.SQS.csproj", "{FCACA2AC-05A9-40E5-9A20-2B55E10075A2}"
EndProject
Project("{2150E333-8FDC-42A3-9474-1A3956D46DE8}") = "nuspec", "nuspec", "{F25A1CBD-321B-445D-B6EA-631118B84CA1}"
	ProjectSection(SolutionItems) = preProject
		nuspec\Frends.Community.AWS.SQS.nuspec = nuspec\Frends.Community.AWS.SQS.nuspec
	EndProjectSection
EndProject
Global
	GlobalSection(SolutionConfigurationPlatforms) = preSolution
		Debug|Any CPU = Debug|Any CPU
		Release|Any CPU = Release|Any CPU
	EndGlobalSection
	GlobalSection(ProjectConfigurationPlatforms) = postSolution
		{56768113-F0F5-4F4B-BD62-A37EC863FDAE}.Debug|Any CPU.ActiveCfg = Debug|Any CPU
		{56768113-F0F5-4F4B-BD62-A37EC863FDAE}.Debug|Any CPU.Build.0 = Debug|Any CPU
		{56768113-F0F5-4F4B-BD62-A37EC863FDAE}.Release|Any CPU.ActiveCfg = Release|Any CPU
		{56768113-F0F5-4F4B-BD62-A37EC863FDAE}.Release|Any CPU.Build.0 = Release|Any CPU
		{FCACA2AC-05A9-40E5-9A20-2B55E10075A2}.Debug|Any CPU.ActiveCfg = Debug|Any CPU
		{FCACA2AC-05A9-40E5-9A20-2B55E10075A2}.Debug|Any CPU.Build.0 = Debug|Any CPU
		{FCACA2AC-05A9-40E5-9A20-2B55E10075A2}.Release|Any CPU.ActiveCfg = Release|Any CPU
		{FCACA2AC-05A9-40E5-9A20-2B55E10075A2}.Release|Any CPU.Build.0 = Release|Any CPU
	EndGlobalSection
	GlobalSection(SolutionProperties) = preSolution
		HideSolutionNode = FALSE
	EndGlobalSection
	GlobalSection(NestedProjects) = preSolution
		{F25A1CBD-321B-445D-B6EA-631118B84CA1} = {B8D1CCE0-861D-4293-9104-60D56ED2907F}
	EndGlobalSection
	GlobalSection(ExtensibilityGlobals) = postSolution
		SolutionGuid = {075A9431-0195-46CD-9DF6-3CD2782FBFC6}
	EndGlobalSection
EndGlobal
